
Microsoft Visual Studio Solution File, Format Version 12.00
# Visual Studio 15
VisualStudioVersion = 15.0.26730.16
MinimumVisualStudioVersion = 10.0.40219.1
Project("{FAE04EC0-301F-11D3-BF4B-00C04F79EFBC}") = "ExamenTraining", "ExamenTraining\ExamenTraining.csproj", "{44E88C66-696B-47AC-B9C9-860914EF675D}"
EndProject
Global
	GlobalSection(SolutionConfigurationPlatforms) = preSolution
		Debug|Any CPU = Debug|Any CPU
		Release|Any CPU = Release|Any CPU
	EndGlobalSection
	GlobalSection(ProjectConfigurationPlatforms) = postSolution
		{44E88C66-696B-47AC-B9C9-860914EF675D}.Debug|Any CPU.ActiveCfg = Debug|Any CPU
		{44E88C66-696B-47AC-B9C9-860914EF675D}.Debug|Any CPU.Build.0 = Debug|Any CPU
		{44E88C66-696B-47AC-B9C9-860914EF675D}.Release|Any CPU.ActiveCfg = Release|Any CPU
		{44E88C66-696B-47AC-B9C9-860914EF675D}.Release|Any CPU.Build.0 = Release|Any CPU
	EndGlobalSection
	GlobalSection(SolutionProperties) = preSolution
		HideSolutionNode = FALSE
	EndGlobalSection
	GlobalSection(ExtensibilityGlobals) = postSolution
		SolutionGuid = {01B09B65-62A7-4D11-9D72-ADE39E58C507}
	EndGlobalSection
EndGlobal
